
Microsoft Visual Studio Solution File, Format Version 12.00
# Visual Studio Version 16
VisualStudioVersion = 16.0.34601.136
MinimumVisualStudioVersion = 10.0.40219.1
Project("{FAE04EC0-301F-11D3-BF4B-00C04F79EFBC}") = "LibraryManagementSystem", "LibraryManagementSystem\LibraryManagementSystem.csproj", "{C5FF3F6B-C70D-4D8C-85D9-73814C0BE79A}"
EndProject
Global
	GlobalSection(SolutionConfigurationPlatforms) = preSolution
		Debug|Any CPU = Debug|Any CPU
		Release|Any CPU = Release|Any CPU
	EndGlobalSection
	GlobalSection(ProjectConfigurationPlatforms) = postSolution
		{C5FF3F6B-C70D-4D8C-85D9-73814C0BE79A}.Debug|Any CPU.ActiveCfg = Debug|Any CPU
		{C5FF3F6B-C70D-4D8C-85D9-73814C0BE79A}.Debug|Any CPU.Build.0 = Debug|Any CPU
		{C5FF3F6B-C70D-4D8C-85D9-73814C0BE79A}.Release|Any CPU.ActiveCfg = Release|Any CPU
		{C5FF3F6B-C70D-4D8C-85D9-73814C0BE79A}.Release|Any CPU.Build.0 = Release|Any CPU
	EndGlobalSection
	GlobalSection(SolutionProperties) = preSolution
		HideSolutionNode = FALSE
	EndGlobalSection
	GlobalSection(ExtensibilityGlobals) = postSolution
		SolutionGuid = {A125A257-9E2A-4116-9131-562B74AA89DB}
	EndGlobalSection
EndGlobal
